// !$*UTF8*$!
{
	archiveVersion = 1;
	classes = {
	};
	objectVersion = 56;
	objects = {

/* Begin PBXBuildFile section */
		1C2179C62CA2FA33002790B8 /* KinglifyInAppApp.swift in Sources */ = {isa = PBXBuildFile; fileRef = 1C2179C52CA2FA33002790B8 /* KinglifyInAppApp.swift */; };
		1C2179C82CA2FA33002790B8 /* ContentView.swift in Sources */ = {isa = PBXBuildFile; fileRef = 1C2179C72CA2FA33002790B8 /* ContentView.swift */; };
		1C2179CA2CA2FA34002790B8 /* Assets.xcassets in Resources */ = {isa = PBXBuildFile; fileRef = 1C2179C92CA2FA34002790B8 /* Assets.xcassets */; };
		1C2179CD2CA2FA34002790B8 /* Preview Assets.xcassets in Resources */ = {isa = PBXBuildFile; fileRef = 1C2179CC2CA2FA34002790B8 /* Preview Assets.xcassets */; };
		1C2179D62CA2FB96002790B8 /* KinglifyKit in Frameworks */ = {isa = PBXBuildFile; productRef = 1C2179D52CA2FB96002790B8 /* KinglifyKit */; };
		1C2179D82CA3096E002790B8 /* PaywallView.swift in Sources */ = {isa = PBXBuildFile; fileRef = 1C2179D72CA3096E002790B8 /* PaywallView.swift */; };
		1C2179DA2CA312B4002790B8 /* NetworkMonitor.swift in Sources */ = {isa = PBXBuildFile; fileRef = 1C2179D92CA312B4002790B8 /* NetworkMonitor.swift */; };
		1C2179DC2CA3245E002790B8 /* ProductListView.swift in Sources */ = {isa = PBXBuildFile; fileRef = 1C2179DB2CA3245E002790B8 /* ProductListView.swift */; };
		1C2179DE2CA3247F002790B8 /* FinalPaywallView.swift in Sources */ = {isa = PBXBuildFile; fileRef = 1C2179DD2CA3247F002790B8 /* FinalPaywallView.swift */; };
		1C2179E02CA324EE002790B8 /* PurchaseButton.swift in Sources */ = {isa = PBXBuildFile; fileRef = 1C2179DF2CA324EE002790B8 /* PurchaseButton.swift */; };
		1C2179E42CA3CDEB002790B8 /* SubscriptionButton.swift in Sources */ = {isa = PBXBuildFile; fileRef = 1C2179E32CA3CDEB002790B8 /* SubscriptionButton.swift */; };
		1C2179E62CA3DC79002790B8 /* TestView.swift in Sources */ = {isa = PBXBuildFile; fileRef = 1C2179E52CA3DC79002790B8 /* TestView.swift */; };
		1C217A0E2CA42506002790B8 /* CustomWebview.swift in Sources */ = {isa = PBXBuildFile; fileRef = 1C217A0D2CA42506002790B8 /* CustomWebview.swift */; };
/* End PBXBuildFile section */

/* Begin PBXFileReference section */
		1C2179C22CA2FA33002790B8 /* KinglifyInApp.app */ = {isa = PBXFileReference; explicitFileType = wrapper.application; includeInIndex = 0; path = KinglifyInApp.app; sourceTree = BUILT_PRODUCTS_DIR; };
		1C2179C52CA2FA33002790B8 /* KinglifyInAppApp.swift */ = {isa = PBXFileReference; lastKnownFileType = sourcecode.swift; path = KinglifyInAppApp.swift; sourceTree = "<group>"; };
		1C2179C72CA2FA33002790B8 /* ContentView.swift */ = {isa = PBXFileReference; lastKnownFileType = sourcecode.swift; path = ContentView.swift; sourceTree = "<group>"; };
		1C2179C92CA2FA34002790B8 /* Assets.xcassets */ = {isa = PBXFileReference; lastKnownFileType = folder.assetcatalog; path = Assets.xcassets; sourceTree = "<group>"; };
		1C2179CC2CA2FA34002790B8 /* Preview Assets.xcassets */ = {isa = PBXFileReference; lastKnownFileType = folder.assetcatalog; path = "Preview Assets.xcassets"; sourceTree = "<group>"; };
		1C2179D32CA2FA77002790B8 /* KinglifyKit */ = {isa = PBXFileReference; lastKnownFileType = wrapper; name = KinglifyKit; path = ../../KinglifyKit; sourceTree = "<group>"; };
		1C2179D72CA3096E002790B8 /* PaywallView.swift */ = {isa = PBXFileReference; lastKnownFileType = sourcecode.swift; path = PaywallView.swift; sourceTree = "<group>"; };
		1C2179D92CA312B4002790B8 /* NetworkMonitor.swift */ = {isa = PBXFileReference; lastKnownFileType = sourcecode.swift; path = NetworkMonitor.swift; sourceTree = "<group>"; };
		1C2179DB2CA3245E002790B8 /* ProductListView.swift */ = {isa = PBXFileReference; fileEncoding = 4; lastKnownFileType = sourcecode.swift; path = ProductListView.swift; sourceTree = "<group>"; };
		1C2179DD2CA3247F002790B8 /* FinalPaywallView.swift */ = {isa = PBXFileReference; fileEncoding = 4; lastKnownFileType = sourcecode.swift; path = FinalPaywallView.swift; sourceTree = "<group>"; };
		1C2179DF2CA324EE002790B8 /* PurchaseButton.swift */ = {isa = PBXFileReference; fileEncoding = 4; lastKnownFileType = sourcecode.swift; path = PurchaseButton.swift; sourceTree = "<group>"; };
		1C2179E32CA3CDEB002790B8 /* SubscriptionButton.swift */ = {isa = PBXFileReference; lastKnownFileType = sourcecode.swift; path = SubscriptionButton.swift; sourceTree = "<group>"; };
		1C2179E52CA3DC79002790B8 /* TestView.swift */ = {isa = PBXFileReference; lastKnownFileType = sourcecode.swift; path = TestView.swift; sourceTree = "<group>"; };
		1C217A072CA414D5002790B8 /* Info.plist */ = {isa = PBXFileReference; lastKnownFileType = text.plist; path = Info.plist; sourceTree = "<group>"; };
		1C217A0D2CA42506002790B8 /* CustomWebview.swift */ = {isa = PBXFileReference; lastKnownFileType = sourcecode.swift; path = CustomWebview.swift; sourceTree = "<group>"; };
		1C217A0F2CA44459002790B8 /* KinglifyInApp.entitlements */ = {isa = PBXFileReference; lastKnownFileType = text.plist.entitlements; path = KinglifyInApp.entitlements; sourceTree = "<group>"; };
/* End PBXFileReference section */

/* Begin PBXFrameworksBuildPhase section */
		1C2179BF2CA2FA33002790B8 /* Frameworks */ = {
			isa = PBXFrameworksBuildPhase;
			buildActionMask = 2147483647;
			files = (
				1C2179D62CA2FB96002790B8 /* KinglifyKit in Frameworks */,
			);
			runOnlyForDeploymentPostprocessing = 0;
		};
/* End PBXFrameworksBuildPhase section */

/* Begin PBXGroup section */
		1C2179B92CA2FA33002790B8 = {
			isa = PBXGroup;
			children = (
				1C2179C42CA2FA33002790B8 /* KinglifyInApp */,
				1C2179C32CA2FA33002790B8 /* Products */,
				1C2179D42CA2FB96002790B8 /* Frameworks */,
			);
			sourceTree = "<group>";
		};
		1C2179C32CA2FA33002790B8 /* Products */ = {
			isa = PBXGroup;
			children = (
				1C2179C22CA2FA33002790B8 /* KinglifyInApp.app */,
			);
			name = Products;
			sourceTree = "<group>";
		};
		1C2179C42CA2FA33002790B8 /* KinglifyInApp */ = {
			isa = PBXGroup;
			children = (
				1C217A0F2CA44459002790B8 /* KinglifyInApp.entitlements */,
				1C217A072CA414D5002790B8 /* Info.plist */,
				1C2179D32CA2FA77002790B8 /* KinglifyKit */,
				1C2179C52CA2FA33002790B8 /* KinglifyInAppApp.swift */,
				1C2179C72CA2FA33002790B8 /* ContentView.swift */,
				1C2179C92CA2FA34002790B8 /* Assets.xcassets */,
				1C2179CB2CA2FA34002790B8 /* Preview Content */,
				1C2179D72CA3096E002790B8 /* PaywallView.swift */,
				1C2179DB2CA3245E002790B8 /* ProductListView.swift */,
				1C2179D92CA312B4002790B8 /* NetworkMonitor.swift */,
				1C2179E32CA3CDEB002790B8 /* SubscriptionButton.swift */,
				1C2179DD2CA3247F002790B8 /* FinalPaywallView.swift */,
				1C2179DF2CA324EE002790B8 /* PurchaseButton.swift */,
				1C2179E52CA3DC79002790B8 /* TestView.swift */,
				1C217A0D2CA42506002790B8 /* CustomWebview.swift */,
			);
			path = KinglifyInApp;
			sourceTree = "<group>";
		};
		1C2179CB2CA2FA34002790B8 /* Preview Content */ = {
			isa = PBXGroup;
			children = (
				1C2179CC2CA2FA34002790B8 /* Preview Assets.xcassets */,
			);
			path = "Preview Content";
			sourceTree = "<group>";
		};
		1C2179D42CA2FB96002790B8 /* Frameworks */ = {
			isa = PBXGroup;
			children = (
			);
			name = Frameworks;
			sourceTree = "<group>";
		};
/* End PBXGroup section */

/* Begin PBXNativeTarget section */
		1C2179C12CA2FA33002790B8 /* KinglifyInApp */ = {
			isa = PBXNativeTarget;
			buildConfigurationList = 1C2179D02CA2FA34002790B8 /* Build configuration list for PBXNativeTarget "KinglifyInApp" */;
			buildPhases = (
				1C2179BE2CA2FA33002790B8 /* Sources */,
				1C2179BF2CA2FA33002790B8 /* Frameworks */,
				1C2179C02CA2FA33002790B8 /* Resources */,
			);
			buildRules = (
			);
			dependencies = (
			);
			name = KinglifyInApp;
			packageProductDependencies = (
				1C2179D52CA2FB96002790B8 /* KinglifyKit */,
			);
			productName = KinglifyInApp;
			productReference = 1C2179C22CA2FA33002790B8 /* KinglifyInApp.app */;
			productType = "com.apple.product-type.application";
		};
/* End PBXNativeTarget section */

/* Begin PBXProject section */
		1C2179BA2CA2FA33002790B8 /* Project object */ = {
			isa = PBXProject;
			attributes = {
				BuildIndependentTargetsInParallel = 1;
				LastSwiftUpdateCheck = 1530;
				LastUpgradeCheck = 1530;
				TargetAttributes = {
					1C2179C12CA2FA33002790B8 = {
						CreatedOnToolsVersion = 15.3;
					};
				};
			};
			buildConfigurationList = 1C2179BD2CA2FA33002790B8 /* Build configuration list for PBXProject "KinglifyInApp" */;
			compatibilityVersion = "Xcode 14.0";
			developmentRegion = en;
			hasScannedForEncodings = 0;
			knownRegions = (
				en,
				Base,
			);
			mainGroup = 1C2179B92CA2FA33002790B8;
			packageReferences = (
			);
			productRefGroup = 1C2179C32CA2FA33002790B8 /* Products */;
			projectDirPath = "";
			projectRoot = "";
			targets = (
				1C2179C12CA2FA33002790B8 /* KinglifyInApp */,
			);
		};
/* End PBXProject section */

/* Begin PBXResourcesBuildPhase section */
		1C2179C02CA2FA33002790B8 /* Resources */ = {
			isa = PBXResourcesBuildPhase;
			buildActionMask = 2147483647;
			files = (
				1C2179CD2CA2FA34002790B8 /* Preview Assets.xcassets in Resources */,
				1C2179CA2CA2FA34002790B8 /* Assets.xcassets in Resources */,
			);
			runOnlyForDeploymentPostprocessing = 0;
		};
/* End PBXResourcesBuildPhase section */

/* Begin PBXSourcesBuildPhase section */
		1C2179BE2CA2FA33002790B8 /* Sources */ = {
			isa = PBXSourcesBuildPhase;
			buildActionMask = 2147483647;
			files = (
				1C2179E02CA324EE002790B8 /* PurchaseButton.swift in Sources */,
				1C2179DE2CA3247F002790B8 /* FinalPaywallView.swift in Sources */,
				1C217A0E2CA42506002790B8 /* CustomWebview.swift in Sources */,
				1C2179C82CA2FA33002790B8 /* ContentView.swift in Sources */,
				1C2179DA2CA312B4002790B8 /* NetworkMonitor.swift in Sources */,
				1C2179D82CA3096E002790B8 /* PaywallView.swift in Sources */,
				1C2179C62CA2FA33002790B8 /* KinglifyInAppApp.swift in Sources */,
				1C2179E62CA3DC79002790B8 /* TestView.swift in Sources */,
				1C2179E42CA3CDEB002790B8 /* SubscriptionButton.swift in Sources */,
				1C2179DC2CA3245E002790B8 /* ProductListView.swift in Sources */,
			);
			runOnlyForDeploymentPostprocessing = 0;
		};
/* End PBXSourcesBuildPhase section */

/* Begin XCBuildConfiguration section */
		1C2179CE2CA2FA34002790B8 /* Debug */ = {
			isa = XCBuildConfiguration;
			buildSettings = {
				ALWAYS_SEARCH_USER_PATHS = NO;
				ASSETCATALOG_COMPILER_GENERATE_SWIFT_ASSET_SYMBOL_EXTENSIONS = YES;
				CLANG_ANALYZER_NONNULL = YES;
				CLANG_ANALYZER_NUMBER_OBJECT_CONVERSION = YES_AGGRESSIVE;
				CLANG_CXX_LANGUAGE_STANDARD = "gnu++20";
				CLANG_ENABLE_MODULES = YES;
				CLANG_ENABLE_OBJC_ARC = YES;
				CLANG_ENABLE_OBJC_WEAK = YES;
				CLANG_WARN_BLOCK_CAPTURE_AUTORELEASING = YES;
				CLANG_WARN_BOOL_CONVERSION = YES;
				CLANG_WARN_COMMA = YES;
				CLANG_WARN_CONSTANT_CONVERSION = YES;
				CLANG_WARN_DEPRECATED_OBJC_IMPLEMENTATIONS = YES;
				CLANG_WARN_DIRECT_OBJC_ISA_USAGE = YES_ERROR;
				CLANG_WARN_DOCUMENTATION_COMMENTS = YES;
				CLANG_WARN_EMPTY_BODY = YES;
				CLANG_WARN_ENUM_CONVERSION = YES;
				CLANG_WARN_INFINITE_RECURSION = YES;
				CLANG_WARN_INT_CONVERSION = YES;
				CLANG_WARN_NON_LITERAL_NULL_CONVERSION = YES;
				CLANG_WARN_OBJC_IMPLICIT_RETAIN_SELF = YES;
				CLANG_WARN_OBJC_LITERAL_CONVERSION = YES;
				CLANG_WARN_OBJC_ROOT_CLASS = YES_ERROR;
				CLANG_WARN_QUOTED_INCLUDE_IN_FRAMEWORK_HEADER = YES;
				CLANG_WARN_RANGE_LOOP_ANALYSIS = YES;
				CLANG_WARN_STRICT_PROTOTYPES = YES;
				CLANG_WARN_SUSPICIOUS_MOVE = YES;
				CLANG_WARN_UNGUARDED_AVAILABILITY = YES_AGGRESSIVE;
				CLANG_WARN_UNREACHABLE_CODE = YES;
				CLANG_WARN__DUPLICATE_METHOD_MATCH = YES;
				COPY_PHASE_STRIP = NO;
				DEBUG_INFORMATION_FORMAT = dwarf;
				ENABLE_STRICT_OBJC_MSGSEND = YES;
				ENABLE_TESTABILITY = YES;
				ENABLE_USER_SCRIPT_SANDBOXING = YES;
				GCC_C_LANGUAGE_STANDARD = gnu17;
				GCC_DYNAMIC_NO_PIC = NO;
				GCC_NO_COMMON_BLOCKS = YES;
				GCC_OPTIMIZATION_LEVEL = 0;
				GCC_PREPROCESSOR_DEFINITIONS = (
					"DEBUG=1",
					"$(inherited)",
				);
				GCC_WARN_64_TO_32_BIT_CONVERSION = YES;
				GCC_WARN_ABOUT_RETURN_TYPE = YES_ERROR;
				GCC_WARN_UNDECLARED_SELECTOR = YES;
				GCC_WARN_UNINITIALIZED_AUTOS = YES_AGGRESSIVE;
				GCC_WARN_UNUSED_FUNCTION = YES;
				GCC_WARN_UNUSED_VARIABLE = YES;
				IPHONEOS_DEPLOYMENT_TARGET = 17.4;
				LOCALIZATION_PREFERS_STRING_CATALOGS = YES;
				MTL_ENABLE_DEBUG_INFO = INCLUDE_SOURCE;
				MTL_FAST_MATH = YES;
				ONLY_ACTIVE_ARCH = YES;
				SDKROOT = iphoneos;
				SWIFT_ACTIVE_COMPILATION_CONDITIONS = "DEBUG $(inherited)";
				SWIFT_OPTIMIZATION_LEVEL = "-Onone";
			};
			name = Debug;
		};
		1C2179CF2CA2FA34002790B8 /* Release */ = {
			isa = XCBuildConfiguration;
			buildSettings = {
				ALWAYS_SEARCH_USER_PATHS = NO;
				ASSETCATALOG_COMPILER_GENERATE_SWIFT_ASSET_SYMBOL_EXTENSIONS = YES;
				CLANG_ANALYZER_NONNULL = YES;
				CLANG_ANALYZER_NUMBER_OBJECT_CONVERSION = YES_AGGRESSIVE;
				CLANG_CXX_LANGUAGE_STANDARD = "gnu++20";
				CLANG_ENABLE_MODULES = YES;
				CLANG_ENABLE_OBJC_ARC = YES;
				CLANG_ENABLE_OBJC_WEAK = YES;
				CLANG_WARN_BLOCK_CAPTURE_AUTORELEASING = YES;
				CLANG_WARN_BOOL_CONVERSION = YES;
				CLANG_WARN_COMMA = YES;
				CLANG_WARN_CONSTANT_CONVERSION = YES;
				CLANG_WARN_DEPRECATED_OBJC_IMPLEMENTATIONS = YES;
				CLANG_WARN_DIRECT_OBJC_ISA_USAGE = YES_ERROR;
				CLANG_WARN_DOCUMENTATION_COMMENTS = YES;
				CLANG_WARN_EMPTY_BODY = YES;
				CLANG_WARN_ENUM_CONVERSION = YES;
				CLANG_WARN_INFINITE_RECURSION = YES;
				CLANG_WARN_INT_CONVERSION = YES;
				CLANG_WARN_NON_LITERAL_NULL_CONVERSION = YES;
				CLANG_WARN_OBJC_IMPLICIT_RETAIN_SELF = YES;
				CLANG_WARN_OBJC_LITERAL_CONVERSION = YES;
				CLANG_WARN_OBJC_ROOT_CLASS = YES_ERROR;
				CLANG_WARN_QUOTED_INCLUDE_IN_FRAMEWORK_HEADER = YES;
				CLANG_WARN_RANGE_LOOP_ANALYSIS = YES;
				CLANG_WARN_STRICT_PROTOTYPES = YES;
				CLANG_WARN_SUSPICIOUS_MOVE = YES;
				CLANG_WARN_UNGUARDED_AVAILABILITY = YES_AGGRESSIVE;
				CLANG_WARN_UNREACHABLE_CODE = YES;
				CLANG_WARN__DUPLICATE_METHOD_MATCH = YES;
				COPY_PHASE_STRIP = NO;
				DEBUG_INFORMATION_FORMAT = "dwarf-with-dsym";
				ENABLE_NS_ASSERTIONS = NO;
				ENABLE_STRICT_OBJC_MSGSEND = YES;
				ENABLE_USER_SCRIPT_SANDBOXING = YES;
				GCC_C_LANGUAGE_STANDARD = gnu17;
				GCC_NO_COMMON_BLOCKS = YES;
				GCC_WARN_64_TO_32_BIT_CONVERSION = YES;
				GCC_WARN_ABOUT_RETURN_TYPE = YES_ERROR;
				GCC_WARN_UNDECLARED_SELECTOR = YES;
				GCC_WARN_UNINITIALIZED_AUTOS = YES_AGGRESSIVE;
				GCC_WARN_UNUSED_FUNCTION = YES;
				GCC_WARN_UNUSED_VARIABLE = YES;
				IPHONEOS_DEPLOYMENT_TARGET = 17.4;
				LOCALIZATION_PREFERS_STRING_CATALOGS = YES;
				MTL_ENABLE_DEBUG_INFO = NO;
				MTL_FAST_MATH = YES;
				SDKROOT = iphoneos;
				SWIFT_COMPILATION_MODE = wholemodule;
				VALIDATE_PRODUCT = YES;
			};
			name = Release;
		};
		1C2179D12CA2FA34002790B8 /* Debug */ = {
			isa = XCBuildConfiguration;
			buildSettings = {
				ASSETCATALOG_COMPILER_APPICON_NAME = AppIcon;
				ASSETCATALOG_COMPILER_GLOBAL_ACCENT_COLOR_NAME = AccentColor;
				CODE_SIGN_ENTITLEMENTS = KinglifyInApp/KinglifyInApp.entitlements;
				CODE_SIGN_STYLE = Automatic;
				CURRENT_PROJECT_VERSION = 6;
				DEVELOPMENT_ASSET_PATHS = "\"KinglifyInApp/Preview Content\"";
				DEVELOPMENT_TEAM = 9FA794E3J5;
				ENABLE_PREVIEWS = YES;
				GENERATE_INFOPLIST_FILE = YES;
				INFOPLIST_FILE = KinglifyInApp/Info.plist;
				INFOPLIST_KEY_UIApplicationSceneManifest_Generation = YES;
				INFOPLIST_KEY_UIApplicationSupportsIndirectInputEvents = YES;
				INFOPLIST_KEY_UILaunchScreen_Generation = YES;
				INFOPLIST_KEY_UISupportedInterfaceOrientations_iPad = "UIInterfaceOrientationPortrait UIInterfaceOrientationPortraitUpsideDown UIInterfaceOrientationLandscapeLeft UIInterfaceOrientationLandscapeRight";
				INFOPLIST_KEY_UISupportedInterfaceOrientations_iPhone = "UIInterfaceOrientationPortrait UIInterfaceOrientationLandscapeLeft UIInterfaceOrientationLandscapeRight";
				IPHONEOS_DEPLOYMENT_TARGET = 15.6;
				LD_RUNPATH_SEARCH_PATHS = (
					"$(inherited)",
					"@executable_path/Frameworks",
				);
				MARKETING_VERSION = 1.0.6;
				PRODUCT_BUNDLE_IDENTIFIER = com.pookieapp;
				PRODUCT_NAME = "$(TARGET_NAME)";
				SWIFT_EMIT_LOC_STRINGS = YES;
				SWIFT_VERSION = 5.0;
				TARGETED_DEVICE_FAMILY = "1,2";
			};
			name = Debug;
		};
		1C2179D22CA2FA34002790B8 /* Release */ = {
			isa = XCBuildConfiguration;
			buildSettings = {
				ASSETCATALOG_COMPILER_APPICON_NAME = AppIcon;
				ASSETCATALOG_COMPILER_GLOBAL_ACCENT_COLOR_NAME = AccentColor;
				CODE_SIGN_ENTITLEMENTS = KinglifyInApp/KinglifyInApp.entitlements;
				CODE_SIGN_STYLE = Automatic;
				CURRENT_PROJECT_VERSION = 6;
				DEVELOPMENT_ASSET_PATHS = "\"KinglifyInApp/Preview Content\"";
				DEVELOPMENT_TEAM = 9FA794E3J5;
				ENABLE_PREVIEWS = YES;
				GENERATE_INFOPLIST_FILE = YES;
				INFOPLIST_FILE = KinglifyInApp/Info.plist;
				INFOPLIST_KEY_UIApplicationSceneManifest_Generation = YES;
				INFOPLIST_KEY_UIApplicationSupportsIndirectInputEvents = YES;
				INFOPLIST_KEY_UILaunchScreen_Generation = YES;
				INFOPLIST_KEY_UISupportedInterfaceOrientations_iPad = "UIInterfaceOrientationPortrait UIInterfaceOrientationPortraitUpsideDown UIInterfaceOrientationLandscapeLeft UIInterfaceOrientationLandscapeRight";
				INFOPLIST_KEY_UISupportedInterfaceOrientations_iPhone = "UIInterfaceOrientationPortrait UIInterfaceOrientationLandscapeLeft UIInterfaceOrientationLandscapeRight";
				IPHONEOS_DEPLOYMENT_TARGET = 15.6;
				LD_RUNPATH_SEARCH_PATHS = (
					"$(inherited)",
					"@executable_path/Frameworks",
				);
				MARKETING_VERSION = 1.0.6;
				PRODUCT_BUNDLE_IDENTIFIER = com.pookieapp;
				PRODUCT_NAME = "$(TARGET_NAME)";
				SWIFT_EMIT_LOC_STRINGS = YES;
				SWIFT_VERSION = 5.0;
				TARGETED_DEVICE_FAMILY = "1,2";
			};
			name = Release;
		};
/* End XCBuildConfiguration section */

/* Begin XCConfigurationList section */
		1C2179BD2CA2FA33002790B8 /* Build configuration list for PBXProject "KinglifyInApp" */ = {
			isa = XCConfigurationList;
			buildConfigurations = (
				1C2179CE2CA2FA34002790B8 /* Debug */,
				1C2179CF2CA2FA34002790B8 /* Release */,
			);
			defaultConfigurationIsVisible = 0;
			defaultConfigurationName = Release;
		};
		1C2179D02CA2FA34002790B8 /* Build configuration list for PBXNativeTarget "KinglifyInApp" */ = {
			isa = XCConfigurationList;
			buildConfigurations = (
				1C2179D12CA2FA34002790B8 /* Debug */,
				1C2179D22CA2FA34002790B8 /* Release */,
			);
			defaultConfigurationIsVisible = 0;
			defaultConfigurationName = Release;
		};
/* End XCConfigurationList section */

/* Begin XCSwiftPackageProductDependency section */
		1C2179D52CA2FB96002790B8 /* KinglifyKit */ = {
			isa = XCSwiftPackageProductDependency;
			productName = KinglifyKit;
		};
/* End XCSwiftPackageProductDependency section */
	};
	rootObject = 1C2179BA2CA2FA33002790B8 /* Project object */;
}
